
Microsoft Visual Studio Solution File, Format Version 12.00
# Visual Studio Version 16
VisualStudioVersion = 16.0.34114.132
MinimumVisualStudioVersion = 10.0.40219.1
Project("{888888A0-9F3D-457C-B088-3A5042F75D52}") = "curse_timp", "curse_timp\curse_timp.pyproj", "{A32522AB-0ECA-49F8-97CE-E233864E550D}"
EndProject
Global
	GlobalSection(SolutionConfigurationPlatforms) = preSolution
		Debug|Any CPU = Debug|Any CPU
		Release|Any CPU = Release|Any CPU
	EndGlobalSection
	GlobalSection(ProjectConfigurationPlatforms) = postSolution
		{A32522AB-0ECA-49F8-97CE-E233864E550D}.Debug|Any CPU.ActiveCfg = Debug|Any CPU
		{A32522AB-0ECA-49F8-97CE-E233864E550D}.Release|Any CPU.ActiveCfg = Release|Any CPU
	EndGlobalSection
	GlobalSection(SolutionProperties) = preSolution
		HideSolutionNode = FALSE
	EndGlobalSection
	GlobalSection(ExtensibilityGlobals) = postSolution
		SolutionGuid = {A12BB489-D41E-4798-8B0A-6D993CCB3C3B}
	EndGlobalSection
EndGlobal
